
Microsoft Visual Studio Solution File, Format Version 12.00
# Visual Studio Version 17
VisualStudioVersion = 17.7.33711.374
MinimumVisualStudioVersion = 10.0.40219.1
Project("{9A19103F-16F7-4668-BE54-9A1E7A4F7556}") = "Live2DCSharpSDK.Framework", "Live2DCSharpSDK.Framework\Live2DCSharpSDK.Framework.csproj", "{43B975EE-EC7E-4667-945A-245ECC4F5AF5}"
EndProject
Project("{9A19103F-16F7-4668-BE54-9A1E7A4F7556}") = "Live2DCSharpSDK.App", "Live2DCSharpSDK.App\Live2DCSharpSDK.App.csproj", "{1D854B32-EC36-46A1-A9A2-2B06E9421338}"
EndProject
Project("{9A19103F-16F7-4668-BE54-9A1E7A4F7556}") = "Live2DCSharpSDK.OpenGL.OpenTK", "Live2DCSharpSDK.OpenGL.OpenTK\Live2DCSharpSDK.OpenGL.OpenTK.csproj", "{8107A4BA-F80E-47F7-AF7B-4F9467101E93}"
EndProject
Project("{9A19103F-16F7-4668-BE54-9A1E7A4F7556}") = "Live2DCSharpSDK.OpenGL.Avalonia", "Live2DCSharpSDK.OpenGL.Avalonia\Live2DCSharpSDK.OpenGL.Avalonia.csproj", "{7A072212-FDAC-46D1-9B78-6D37BB5F57D1}"
EndProject
Project("{2150E333-8FDC-42A3-9474-1A3956D46DE8}") = "OpenGL", "OpenGL", "{C1A91469-B605-4DDC-964A-137C82ABEF7B}"
EndProject
Project("{2150E333-8FDC-42A3-9474-1A3956D46DE8}") = "Solution Items", "Solution Items", "{48E55F3F-9D1F-4D46-A2B6-58608590A8F6}"
	ProjectSection(SolutionItems) = preProject
		.editorconfig = .editorconfig
	EndProjectSection
EndProject
Project("{9A19103F-16F7-4668-BE54-9A1E7A4F7556}") = "Live2DCSharpSDK.OpenGL.WPF", "Live2DCSharpSDK.OpenGL.WPF\Live2DCSharpSDK.OpenGL.WPF.csproj", "{31F12B93-E865-43F0-9967-00733D967F76}"
EndProject
Project("{9A19103F-16F7-4668-BE54-9A1E7A4F7556}") = "Live2DCSharpSDK.Vulkan", "Live2DCSharpSDK.Vulkan\Live2DCSharpSDK.Vulkan.csproj", "{9B1C3543-86E2-4D30-8C24-7EA5DA96E1A5}"
EndProject
Project("{9A19103F-16F7-4668-BE54-9A1E7A4F7556}") = "Live2DCSharpSDK.OpenGL", "Live2DCSharpSDK.OpenGL\Live2DCSharpSDK.OpenGL.csproj", "{803D5E9A-7C78-4218-A521-7C6C195FFB22}"
EndProject
Project("{2150E333-8FDC-42A3-9474-1A3956D46DE8}") = "Vulkan", "Vulkan", "{61A9217C-96D2-4897-BAA3-3FFA2259E97D}"
EndProject
Project("{9A19103F-16F7-4668-BE54-9A1E7A4F7556}") = "Live2DCSharpSDK.Silk.Vulkan", "Live2DCSharpSDK.Silk.Vulkan\Live2DCSharpSDK.Silk.Vulkan.csproj", "{39FF395F-C87A-4E3D-8F72-85B6A5A8FC03}"
EndProject
Global
	GlobalSection(SolutionConfigurationPlatforms) = preSolution
		Debug|Any CPU = Debug|Any CPU
		Release|Any CPU = Release|Any CPU
	EndGlobalSection
	GlobalSection(ProjectConfigurationPlatforms) = postSolution
		{43B975EE-EC7E-4667-945A-245ECC4F5AF5}.Debug|Any CPU.ActiveCfg = Debug|Any CPU
		{43B975EE-EC7E-4667-945A-245ECC4F5AF5}.Debug|Any CPU.Build.0 = Debug|Any CPU
		{43B975EE-EC7E-4667-945A-245ECC4F5AF5}.Release|Any CPU.ActiveCfg = Release|Any CPU
		{43B975EE-EC7E-4667-945A-245ECC4F5AF5}.Release|Any CPU.Build.0 = Release|Any CPU
		{1D854B32-EC36-46A1-A9A2-2B06E9421338}.Debug|Any CPU.ActiveCfg = Debug|Any CPU
		{1D854B32-EC36-46A1-A9A2-2B06E9421338}.Debug|Any CPU.Build.0 = Debug|Any CPU
		{1D854B32-EC36-46A1-A9A2-2B06E9421338}.Release|Any CPU.ActiveCfg = Release|Any CPU
		{1D854B32-EC36-46A1-A9A2-2B06E9421338}.Release|Any CPU.Build.0 = Release|Any CPU
		{8107A4BA-F80E-47F7-AF7B-4F9467101E93}.Debug|Any CPU.ActiveCfg = Debug|Any CPU
		{8107A4BA-F80E-47F7-AF7B-4F9467101E93}.Debug|Any CPU.Build.0 = Debug|Any CPU
		{8107A4BA-F80E-47F7-AF7B-4F9467101E93}.Release|Any CPU.ActiveCfg = Release|Any CPU
		{8107A4BA-F80E-47F7-AF7B-4F9467101E93}.Release|Any CPU.Build.0 = Release|Any CPU
		{7A072212-FDAC-46D1-9B78-6D37BB5F57D1}.Debug|Any CPU.ActiveCfg = Debug|Any CPU
		{7A072212-FDAC-46D1-9B78-6D37BB5F57D1}.Debug|Any CPU.Build.0 = Debug|Any CPU
		{7A072212-FDAC-46D1-9B78-6D37BB5F57D1}.Release|Any CPU.ActiveCfg = Release|Any CPU
		{7A072212-FDAC-46D1-9B78-6D37BB5F57D1}.Release|Any CPU.Build.0 = Release|Any CPU
		{31F12B93-E865-43F0-9967-00733D967F76}.Debug|Any CPU.ActiveCfg = Debug|Any CPU
		{31F12B93-E865-43F0-9967-00733D967F76}.Debug|Any CPU.Build.0 = Debug|Any CPU
		{31F12B93-E865-43F0-9967-00733D967F76}.Release|Any CPU.ActiveCfg = Release|Any CPU
		{31F12B93-E865-43F0-9967-00733D967F76}.Release|Any CPU.Build.0 = Release|Any CPU
		{9B1C3543-86E2-4D30-8C24-7EA5DA96E1A5}.Debug|Any CPU.ActiveCfg = Debug|Any CPU
		{9B1C3543-86E2-4D30-8C24-7EA5DA96E1A5}.Debug|Any CPU.Build.0 = Debug|Any CPU
		{9B1C3543-86E2-4D30-8C24-7EA5DA96E1A5}.Release|Any CPU.ActiveCfg = Release|Any CPU
		{9B1C3543-86E2-4D30-8C24-7EA5DA96E1A5}.Release|Any CPU.Build.0 = Release|Any CPU
		{803D5E9A-7C78-4218-A521-7C6C195FFB22}.Debug|Any CPU.ActiveCfg = Debug|Any CPU
		{803D5E9A-7C78-4218-A521-7C6C195FFB22}.Debug|Any CPU.Build.0 = Debug|Any CPU
		{803D5E9A-7C78-4218-A521-7C6C195FFB22}.Release|Any CPU.ActiveCfg = Release|Any CPU
		{803D5E9A-7C78-4218-A521-7C6C195FFB22}.Release|Any CPU.Build.0 = Release|Any CPU
		{39FF395F-C87A-4E3D-8F72-85B6A5A8FC03}.Debug|Any CPU.ActiveCfg = Debug|Any CPU
		{39FF395F-C87A-4E3D-8F72-85B6A5A8FC03}.Debug|Any CPU.Build.0 = Debug|Any CPU
		{39FF395F-C87A-4E3D-8F72-85B6A5A8FC03}.Release|Any CPU.ActiveCfg = Release|Any CPU
		{39FF395F-C87A-4E3D-8F72-85B6A5A8FC03}.Release|Any CPU.Build.0 = Release|Any CPU
	EndGlobalSection
	GlobalSection(SolutionProperties) = preSolution
		HideSolutionNode = FALSE
	EndGlobalSection
	GlobalSection(NestedProjects) = preSolution
		{8107A4BA-F80E-47F7-AF7B-4F9467101E93} = {C1A91469-B605-4DDC-964A-137C82ABEF7B}
		{7A072212-FDAC-46D1-9B78-6D37BB5F57D1} = {C1A91469-B605-4DDC-964A-137C82ABEF7B}
		{31F12B93-E865-43F0-9967-00733D967F76} = {C1A91469-B605-4DDC-964A-137C82ABEF7B}
		{9B1C3543-86E2-4D30-8C24-7EA5DA96E1A5} = {61A9217C-96D2-4897-BAA3-3FFA2259E97D}
		{803D5E9A-7C78-4218-A521-7C6C195FFB22} = {C1A91469-B605-4DDC-964A-137C82ABEF7B}
		{39FF395F-C87A-4E3D-8F72-85B6A5A8FC03} = {61A9217C-96D2-4897-BAA3-3FFA2259E97D}
	EndGlobalSection
	GlobalSection(ExtensibilityGlobals) = postSolution
		SolutionGuid = {53197E4D-3AAB-4AC2-91AF-DDBB326E65FD}
	EndGlobalSection
EndGlobal
